
Microsoft Visual Studio Solution File, Format Version 12.00
# Visual Studio Version 17
VisualStudioVersion = 17.3.32929.385
MinimumVisualStudioVersion = 10.0.40219.1
Project("{FAE04EC0-301F-11D3-BF4B-00C04F79EFBC}") = "net2", "net2.csproj", "{C9D35661-BDC1-4353-A612-2395218880F3}"
EndProject
Global
	GlobalSection(SolutionConfigurationPlatforms) = preSolution
		Debug|Any CPU = Debug|Any CPU
		Release|Any CPU = Release|Any CPU
	EndGlobalSection
	GlobalSection(ProjectConfigurationPlatforms) = postSolution
		{C9D35661-BDC1-4353-A612-2395218880F3}.Debug|Any CPU.ActiveCfg = Debug|Any CPU
		{C9D35661-BDC1-4353-A612-2395218880F3}.Debug|Any CPU.Build.0 = Debug|Any CPU
		{C9D35661-BDC1-4353-A612-2395218880F3}.Release|Any CPU.ActiveCfg = Release|Any CPU
		{C9D35661-BDC1-4353-A612-2395218880F3}.Release|Any CPU.Build.0 = Release|Any CPU
	EndGlobalSection
	GlobalSection(SolutionProperties) = preSolution
		HideSolutionNode = FALSE
	EndGlobalSection
	GlobalSection(ExtensibilityGlobals) = postSolution
		SolutionGuid = {BFAC6F52-8C8B-454D-80E4-F7FF0E2805F5}
	EndGlobalSection
EndGlobal
